Microsoft Visual Studio Solution File, Format Version 11.00
# Visual Studio 2008

Project("{BDA968B6-77AB-61EF-27D2-9A78E7408E8B}") = "onyx", "Assembly-CSharp.csproj", "{60EF1902-58CB-AD5B-FE76-C9C31BDB5AE3}"
EndProject
Project("{BDA968B6-77AB-61EF-27D2-9A78E7408E8B}") = "onyx", "Assembly-CSharp-Editor.csproj", "{FD984B1B-10BD-A72E-E98F-41287428A7B6}"
EndProject
Global
	GlobalSection(SolutionConfigurationPlatforms) = preSolution
		Debug|Any CPU = Debug|Any CPU
		Release|Any CPU = Release|Any CPU
	EndGlobalSection
	GlobalSection(ProjectConfigurationPlatforms) = postSolution
		{60EF1902-58CB-AD5B-FE76-C9C31BDB5AE3}.Debug|Any CPU.ActiveCfg = Debug|Any CPU
		{60EF1902-58CB-AD5B-FE76-C9C31BDB5AE3}.Debug|Any CPU.Build.0 = Debug|Any CPU
		{60EF1902-58CB-AD5B-FE76-C9C31BDB5AE3}.Release|Any CPU.ActiveCfg = Release|Any CPU
		{60EF1902-58CB-AD5B-FE76-C9C31BDB5AE3}.Release|Any CPU.Build.0 = Release|Any CPU
		{FD984B1B-10BD-A72E-E98F-41287428A7B6}.Debug|Any CPU.ActiveCfg = Debug|Any CPU
		{FD984B1B-10BD-A72E-E98F-41287428A7B6}.Debug|Any CPU.Build.0 = Debug|Any CPU
		{FD984B1B-10BD-A72E-E98F-41287428A7B6}.Release|Any CPU.ActiveCfg = Release|Any CPU
		{FD984B1B-10BD-A72E-E98F-41287428A7B6}.Release|Any CPU.Build.0 = Release|Any CPU
	EndGlobalSection
	GlobalSection(SolutionProperties) = preSolution
		HideSolutionNode = FALSE
	EndGlobalSection
																											GlobalSection(MonoDevelopProperties) = preSolution
		StartupItem = Assembly-CSharp.csproj
		Policies = $0
		$0.TextStylePolicy = $1
		$1.inheritsSet = null
		$1.scope = text/x-csharp
		$0.CSharpFormattingPolicy = $2
		$2.inheritsSet = Mono
		$2.inheritsScope = text/x-csharp
		$2.scope = text/x-csharp
		$0.TextStylePolicy = $3
		$3.FileWidth = 120
		$3.TabWidth = 4
		$3.EolMarker = Unix
		$3.inheritsSet = Mono
		$3.inheritsScope = text/plain
		$3.scope = text/plain
	EndGlobalSection

EndGlobal
